<?xml version="1.0" encoding="utf-8"?>
<Project ToolsVersion="4.0" xmlns="http://schemas.microsoft.com/developer/msbuild/2003">
  <ItemGroup>
    <Filter Include="Source Files">
      <UniqueIdentifier>{4FC737F1-C7A5-4376-A066-2A32D752A2FF}</UniqueIdentifier>
      <Extensions>cpp;c;cc;cxx;c++;cppm;ixx;def;odl;idl;hpj;bat;asm;asmx</Extensions>
    </Filter>
    <Filter Include="Header Files">
      <UniqueIdentifier>{93995380-89BD-4b04-88EB-625FBE52EBFB}</UniqueIdentifier>
      <Extensions>h;hh;hpp;hxx;h++;hm;inl;inc;ipp;xsd</Extensions>
    </Filter>
    <Filter Include="Resource Files">
      <UniqueIdentifier>{67DA6AB6-F800-4c08-8B7A-83BB121AAD01}</UniqueIdentifier>
      <Extensions>rc;ico;cur;bmp;dlg;rc2;rct;bin;rgs;gif;jpg;jpeg;jpe;resx;tiff;tif;png;wav;mfcribbon-ms</Extensions>
    </Filter>
  </ItemGroup>
  <ItemGroup>
    <ClCompile Include="Core.cpp">
      <Filter>Source Files</Filter>
    </ClCompile>
    <ClCompile Include="src\common\file_metadata.cpp">
      <Filter>Source Files</Filter>
    </ClCompile>
    <ClCompile Include="src\common\session.cpp">
      <Filter>Source Files</Filter>
    </ClCompile>
    <ClCompile Include="src\network\tcp_connect.cpp">
      <Filter>Source Files</Filter>
    </ClCompile>
    <ClCompile Include="src\network\tcp_listen.cpp">
      <Filter>Source Files</Filter>
    </ClCompile>
    <ClCompile Include="src\network\udp_bind.cpp">
      <Filter>Source Files</Filter>
    </ClCompile>
    <ClCompile Include="src\network\udp_io.cpp">
      <Filter>Source Files</Filter>
    </ClCompile>
    <ClCompile Include="src\protocol\command_parser.cpp">
      <Filter>Source Files</Filter>
    </ClCompile>
    <ClCompile Include="src\protocol\rdt_checksum.cpp">
      <Filter>Source Files</Filter>
    </ClCompile>
    <ClCompile Include="src\protocol\rdt_header_codec.cpp">
      <Filter>Source Files</Filter>
    </ClCompile>
    <ClCompile Include="src\protocol\rdt_receiver.cpp">
      <Filter>Source Files</Filter>
    </ClCompile>
    <ClCompile Include="src\protocol\rdt_sender.cpp">
      <Filter>Source Files</Filter>
    </ClCompile>
    <ClCompile Include="src\protocol\rdt_window.cpp">
      <Filter>Source Files</Filter>
    </ClCompile>
    <ClCompile Include="src\protocol\reply_formatter.cpp">
      <Filter>Source Files</Filter>
    </ClCompile>
    <ClCompile Include="src\services\auth_service.cpp">
      <Filter>Source Files</Filter>
    </ClCompile>
    <ClCompile Include="src\services\dir_list_service.cpp">
      <Filter>Source Files</Filter>
    </ClCompile>
    <ClCompile Include="src\services\dir_manage_service.cpp">
      <Filter>Source Files</Filter>
    </ClCompile>
    <ClCompile Include="src\services\dir_navigate_service.cpp">
      <Filter>Source Files</Filter>
    </ClCompile>
    <ClCompile Include="src\services\file_manage_service.cpp">
      <Filter>Source Files</Filter>
    </ClCompile>
    <ClCompile Include="src\services\file_transfer_service.cpp">
      <Filter>Source Files</Filter>
    </ClCompile>
    <ClCompile Include="src\services\hash_service.cpp">
      <Filter>Source Files</Filter>
    </ClCompile>
    <ClCompile Include="src\services\mode_service.cpp">
      <Filter>Source Files</Filter>
    </ClCompile>
    <ClCompile Include="src\services\session_manager.cpp">
      <Filter>Source Files</Filter>
    </ClCompile>
    <ClCompile Include="src\utils\logger.cpp">
      <Filter>Source Files</Filter>
    </ClCompile>
    <ClCompile Include="src\utils\md5.cpp">
      <Filter>Source Files</Filter>
    </ClCompile>
    <ClCompile Include="src\utils\sha256.cpp">
      <Filter>Source Files</Filter>
    </ClCompile>
    <ClCompile Include="src\utils\string_utils.cpp">
      <Filter>Source Files</Filter>
    </ClCompile>
  </ItemGroup>
  <ItemGroup>
    <ClInclude Include="include\common\file_metadata.h">
      <Filter>Header Files</Filter>
    </ClInclude>
    <ClInclude Include="include\common\session.h">
      <Filter>Header Files</Filter>
    </ClInclude>
    <ClInclude Include="include\network\tcp_connect.h">
      <Filter>Header Files</Filter>
    </ClInclude>
    <ClInclude Include="include\network\tcp_listen.h">
      <Filter>Header Files</Filter>
    </ClInclude>
    <ClInclude Include="include\network\udp_bind.h">
      <Filter>Header Files</Filter>
    </ClInclude>
    <ClInclude Include="include\network\udp_io.h">
      <Filter>Header Files</Filter>
    </ClInclude>
    <ClInclude Include="include\protocol\command_parser.h">
      <Filter>Header Files</Filter>
    </ClInclude>
    <ClInclude Include="include\protocol\command_types.h">
      <Filter>Header Files</Filter>
    </ClInclude>
    <ClInclude Include="include\protocol\rdt_checksum.h">
      <Filter>Header Files</Filter>
    </ClInclude>
    <ClInclude Include="include\protocol\rdt_header.h">
      <Filter>Header Files</Filter>
    </ClInclude>
    <ClInclude Include="include\protocol\rdt_header_codec.h">
      <Filter>Header Files</Filter>
    </ClInclude>
    <ClInclude Include="include\protocol\rdt_receiver.h">
      <Filter>Header Files</Filter>
    </ClInclude>
    <ClInclude Include="include\protocol\rdt_sender.h">
      <Filter>Header Files</Filter>
    </ClInclude>
    <ClInclude Include="include\protocol\rdt_window.h">
      <Filter>Header Files</Filter>
    </ClInclude>
    <ClInclude Include="include\protocol\reply_codes.h">
      <Filter>Header Files</Filter>
    </ClInclude>
    <ClInclude Include="include\protocol\reply_formatter.h">
      <Filter>Header Files</Filter>
    </ClInclude>
    <ClInclude Include="include\services\auth_service.h">
      <Filter>Header Files</Filter>
    </ClInclude>
    <ClInclude Include="include\services\dir_list_service.h">
      <Filter>Header Files</Filter>
    </ClInclude>
    <ClInclude Include="include\services\dir_manage_service.h">
      <Filter>Header Files</Filter>
    </ClInclude>
    <ClInclude Include="include\services\dir_navigate_service.h">
      <Filter>Header Files</Filter>
    </ClInclude>
    <ClInclude Include="include\services\file_manage_service.h">
      <Filter>Header Files</Filter>
    </ClInclude>
    <ClInclude Include="include\services\file_transfer_service.h">
      <Filter>Header Files</Filter>
    </ClInclude>
    <ClInclude Include="include\services\hash_service.h">
      <Filter>Header Files</Filter>
    </ClInclude>
    <ClInclude Include="include\services\mode_service.h">
      <Filter>Header Files</Filter>
    </ClInclude>
    <ClInclude Include="include\services\session_manager.h">
      <Filter>Header Files</Filter>
    </ClInclude>
    <ClInclude Include="include\utils\logger.h">
      <Filter>Header Files</Filter>
    </ClInclude>
    <ClInclude Include="include\utils\md5.h">
      <Filter>Header Files</Filter>
    </ClInclude>
    <ClInclude Include="include\utils\sha256.h">
      <Filter>Header Files</Filter>
    </ClInclude>
    <ClInclude Include="include\utils\string_utils.h">
      <Filter>Header Files</Filter>
    </ClInclude>
  </ItemGroup>
</Project>